// !$*UTF8*$!
{
	archiveVersion = 1;
	classes = {
	};
	objectVersion = 56;
	objects = {

/* Begin PBXBuildFile section */
		8F1DD9612A7E77F500F1746E /* CustomNavigationBar.m in Sources */ = {isa = PBXBuildFile; fileRef = 8F1DD9602A7E77F500F1746E /* CustomNavigationBar.m */; };
		8F520F6C2A837B6E008514D9 /* CoreDataServiceRepositoryImpl.m in Sources */ = {isa = PBXBuildFile; fileRef = 8F520F6B2A837B6E008514D9 /* CoreDataServiceRepositoryImpl.m */; };
		8F520F6F2A83DF40008514D9 /* InDetailPresenter.m in Sources */ = {isa = PBXBuildFile; fileRef = 8F520F6E2A83DF40008514D9 /* InDetailPresenter.m */; };
		8F520F732A84CFCC008514D9 /* Model.xcdatamodeld in Sources */ = {isa = PBXBuildFile; fileRef = 8F520F712A84CFCC008514D9 /* Model.xcdatamodeld */; };
		8F63CA6F2A7CD7BB0007BEB9 /* AddNoteAnimateView.m in Sources */ = {isa = PBXBuildFile; fileRef = 8F63CA6E2A7CD7BB0007BEB9 /* AddNoteAnimateView.m */; };
		8F79A4372A796E820060ECCE /* AppDelegate.m in Sources */ = {isa = PBXBuildFile; fileRef = 8F79A4362A796E820060ECCE /* AppDelegate.m */; };
		8F79A43A2A796E820060ECCE /* SceneDelegate.m in Sources */ = {isa = PBXBuildFile; fileRef = 8F79A4392A796E820060ECCE /* SceneDelegate.m */; };
		8F79A4422A796E830060ECCE /* Assets.xcassets in Resources */ = {isa = PBXBuildFile; fileRef = 8F79A4412A796E830060ECCE /* Assets.xcassets */; };
		8F79A4452A796E830060ECCE /* LaunchScreen.storyboard in Resources */ = {isa = PBXBuildFile; fileRef = 8F79A4432A796E830060ECCE /* LaunchScreen.storyboard */; };
		8F79A4482A796E830060ECCE /* main.m in Sources */ = {isa = PBXBuildFile; fileRef = 8F79A4472A796E830060ECCE /* main.m */; };
		8F79A4582A796FD90060ECCE /* MainScreenViewController.m in Sources */ = {isa = PBXBuildFile; fileRef = 8F79A4512A796FD90060ECCE /* MainScreenViewController.m */; };
		8F79A4592A796FD90060ECCE /* MainScreenPresenter.m in Sources */ = {isa = PBXBuildFile; fileRef = 8F79A4522A796FD90060ECCE /* MainScreenPresenter.m */; };
		8F79A45A2A796FD90060ECCE /* CustomCell.m in Sources */ = {isa = PBXBuildFile; fileRef = 8F79A4542A796FD90060ECCE /* CustomCell.m */; };
		8F79A45B2A796FD90060ECCE /* NoteModel.m in Sources */ = {isa = PBXBuildFile; fileRef = 8F79A4572A796FD90060ECCE /* NoteModel.m */; };
		8F79A4612A796FEA0060ECCE /* InDetailCollectionViewController.m in Sources */ = {isa = PBXBuildFile; fileRef = 8F79A45F2A796FEA0060ECCE /* InDetailCollectionViewController.m */; };
		8F79A4652A79731A0060ECCE /* InDetaileNoteTextCell.m in Sources */ = {isa = PBXBuildFile; fileRef = 8F79A4642A79731A0060ECCE /* InDetaileNoteTextCell.m */; };
		8F79A4692A7A3C630060ECCE /* UICollectionViewCell+.m in Sources */ = {isa = PBXBuildFile; fileRef = 8F79A4682A7A3C630060ECCE /* UICollectionViewCell+.m */; };
		8F79A46D2A7A74750060ECCE /* ImportanceCell.m in Sources */ = {isa = PBXBuildFile; fileRef = 8F79A46C2A7A74750060ECCE /* ImportanceCell.m */; };
/* End PBXBuildFile section */

/* Begin PBXFileReference section */
		8F1DD95F2A7E77F500F1746E /* CustomNavigationBar.h */ = {isa = PBXFileReference; lastKnownFileType = sourcecode.c.h; path = CustomNavigationBar.h; sourceTree = "<group>"; };
		8F1DD9602A7E77F500F1746E /* CustomNavigationBar.m */ = {isa = PBXFileReference; lastKnownFileType = sourcecode.c.objc; path = CustomNavigationBar.m; sourceTree = "<group>"; };
		8F520F6A2A837B6E008514D9 /* CoreDataServiceRepositoryImpl.h */ = {isa = PBXFileReference; lastKnownFileType = sourcecode.c.h; path = CoreDataServiceRepositoryImpl.h; sourceTree = "<group>"; };
		8F520F6B2A837B6E008514D9 /* CoreDataServiceRepositoryImpl.m */ = {isa = PBXFileReference; lastKnownFileType = sourcecode.c.objc; path = CoreDataServiceRepositoryImpl.m; sourceTree = "<group>"; };
		8F520F6D2A83DF3F008514D9 /* InDetailPresenter.h */ = {isa = PBXFileReference; lastKnownFileType = sourcecode.c.h; path = InDetailPresenter.h; sourceTree = "<group>"; };
		8F520F6E2A83DF40008514D9 /* InDetailPresenter.m */ = {isa = PBXFileReference; lastKnownFileType = sourcecode.c.objc; path = InDetailPresenter.m; sourceTree = "<group>"; };
		8F520F722A84CFCC008514D9 /* Model.xcdatamodel */ = {isa = PBXFileReference; lastKnownFileType = wrapper.xcdatamodel; path = Model.xcdatamodel; sourceTree = "<group>"; };
		8F63CA6D2A7CD7BB0007BEB9 /* AddNoteAnimateView.h */ = {isa = PBXFileReference; lastKnownFileType = sourcecode.c.h; path = AddNoteAnimateView.h; sourceTree = "<group>"; };
		8F63CA6E2A7CD7BB0007BEB9 /* AddNoteAnimateView.m */ = {isa = PBXFileReference; lastKnownFileType = sourcecode.c.objc; path = AddNoteAnimateView.m; sourceTree = "<group>"; };
		8F79A4322A796E820060ECCE /* To do list objc.app */ = {isa = PBXFileReference; explicitFileType = wrapper.application; includeInIndex = 0; path = "To do list objc.app"; sourceTree = BUILT_PRODUCTS_DIR; };
		8F79A4352A796E820060ECCE /* AppDelegate.h */ = {isa = PBXFileReference; lastKnownFileType = sourcecode.c.h; path = AppDelegate.h; sourceTree = "<group>"; };
		8F79A4362A796E820060ECCE /* AppDelegate.m */ = {isa = PBXFileReference; lastKnownFileType = sourcecode.c.objc; path = AppDelegate.m; sourceTree = "<group>"; };
		8F79A4382A796E820060ECCE /* SceneDelegate.h */ = {isa = PBXFileReference; lastKnownFileType = sourcecode.c.h; path = SceneDelegate.h; sourceTree = "<group>"; };
		8F79A4392A796E820060ECCE /* SceneDelegate.m */ = {isa = PBXFileReference; lastKnownFileType = sourcecode.c.objc; path = SceneDelegate.m; sourceTree = "<group>"; };
		8F79A4412A796E830060ECCE /* Assets.xcassets */ = {isa = PBXFileReference; lastKnownFileType = folder.assetcatalog; path = Assets.xcassets; sourceTree = "<group>"; };
		8F79A4442A796E830060ECCE /* Base */ = {isa = PBXFileReference; lastKnownFileType = file.storyboard; name = Base; path = Base.lproj/LaunchScreen.storyboard; sourceTree = "<group>"; };
		8F79A4462A796E830060ECCE /* Info.plist */ = {isa = PBXFileReference; lastKnownFileType = text.plist.xml; path = Info.plist; sourceTree = "<group>"; };
		8F79A4472A796E830060ECCE /* main.m */ = {isa = PBXFileReference; lastKnownFileType = sourcecode.c.objc; path = main.m; sourceTree = "<group>"; };
		8F79A4502A796FD90060ECCE /* MainScreenPresenter.h */ = {isa = PBXFileReference; fileEncoding = 4; lastKnownFileType = sourcecode.c.h; path = MainScreenPresenter.h; sourceTree = "<group>"; };
		8F79A4512A796FD90060ECCE /* MainScreenViewController.m */ = {isa = PBXFileReference; fileEncoding = 4; lastKnownFileType = sourcecode.c.objc; path = MainScreenViewController.m; sourceTree = "<group>"; };
		8F79A4522A796FD90060ECCE /* MainScreenPresenter.m */ = {isa = PBXFileReference; fileEncoding = 4; lastKnownFileType = sourcecode.c.objc; path = MainScreenPresenter.m; sourceTree = "<group>"; };
		8F79A4532A796FD90060ECCE /* MainScreenViewController.h */ = {isa = PBXFileReference; fileEncoding = 4; lastKnownFileType = sourcecode.c.h; path = MainScreenViewController.h; sourceTree = "<group>"; };
		8F79A4542A796FD90060ECCE /* CustomCell.m */ = {isa = PBXFileReference; fileEncoding = 4; lastKnownFileType = sourcecode.c.objc; path = CustomCell.m; sourceTree = "<group>"; };
		8F79A4552A796FD90060ECCE /* CustomCell.h */ = {isa = PBXFileReference; fileEncoding = 4; lastKnownFileType = sourcecode.c.h; path = CustomCell.h; sourceTree = "<group>"; };
		8F79A4562A796FD90060ECCE /* NoteModel.h */ = {isa = PBXFileReference; fileEncoding = 4; lastKnownFileType = sourcecode.c.h; path = NoteModel.h; sourceTree = "<group>"; };
		8F79A4572A796FD90060ECCE /* NoteModel.m */ = {isa = PBXFileReference; fileEncoding = 4; lastKnownFileType = sourcecode.c.objc; path = NoteModel.m; sourceTree = "<group>"; };
		8F79A45D2A796FEA0060ECCE /* InDetailCollectionViewController.h */ = {isa = PBXFileReference; fileEncoding = 4; lastKnownFileType = sourcecode.c.h; path = InDetailCollectionViewController.h; sourceTree = "<group>"; };
		8F79A45F2A796FEA0060ECCE /* InDetailCollectionViewController.m */ = {isa = PBXFileReference; fileEncoding = 4; lastKnownFileType = sourcecode.c.objc; path = InDetailCollectionViewController.m; sourceTree = "<group>"; };
		8F79A4632A79731A0060ECCE /* InDetaileNoteTextCell.h */ = {isa = PBXFileReference; lastKnownFileType = sourcecode.c.h; path = InDetaileNoteTextCell.h; sourceTree = "<group>"; };
		8F79A4642A79731A0060ECCE /* InDetaileNoteTextCell.m */ = {isa = PBXFileReference; lastKnownFileType = sourcecode.c.objc; path = InDetaileNoteTextCell.m; sourceTree = "<group>"; };
		8F79A4672A7A3B3F0060ECCE /* UICollectionViewCell+.h */ = {isa = PBXFileReference; lastKnownFileType = sourcecode.c.h; path = "UICollectionViewCell+.h"; sourceTree = "<group>"; };
		8F79A4682A7A3C630060ECCE /* UICollectionViewCell+.m */ = {isa = PBXFileReference; lastKnownFileType = sourcecode.c.objc; path = "UICollectionViewCell+.m"; sourceTree = "<group>"; };
		8F79A46B2A7A74750060ECCE /* ImportanceCell.h */ = {isa = PBXFileReference; lastKnownFileType = sourcecode.c.h; path = ImportanceCell.h; sourceTree = "<group>"; };
		8F79A46C2A7A74750060ECCE /* ImportanceCell.m */ = {isa = PBXFileReference; lastKnownFileType = sourcecode.c.objc; path = ImportanceCell.m; sourceTree = "<group>"; };
/* End PBXFileReference section */

/* Begin PBXFrameworksBuildPhase section */
		8F79A42F2A796E820060ECCE /* Frameworks */ = {
			isa = PBXFrameworksBuildPhase;
			buildActionMask = 2147483647;
			files = (
			);
			runOnlyForDeploymentPostprocessing = 0;
		};
/* End PBXFrameworksBuildPhase section */

/* Begin PBXGroup section */
		8F520F692A837B1C008514D9 /* Service */ = {
			isa = PBXGroup;
			children = (
				8F520F702A84CF77008514D9 /* CoreDataService */,
			);
			path = Service;
			sourceTree = "<group>";
		};
		8F520F702A84CF77008514D9 /* CoreDataService */ = {
			isa = PBXGroup;
			children = (
				8F520F6A2A837B6E008514D9 /* CoreDataServiceRepositoryImpl.h */,
				8F520F6B2A837B6E008514D9 /* CoreDataServiceRepositoryImpl.m */,
				8F79A4562A796FD90060ECCE /* NoteModel.h */,
				8F79A4572A796FD90060ECCE /* NoteModel.m */,
				8F520F712A84CFCC008514D9 /* Model.xcdatamodeld */,
			);
			path = CoreDataService;
			sourceTree = "<group>";
		};
		8F63CA702A7CD7C80007BEB9 /* CustomUI */ = {
			isa = PBXGroup;
			children = (
				8F63CA6D2A7CD7BB0007BEB9 /* AddNoteAnimateView.h */,
				8F63CA6E2A7CD7BB0007BEB9 /* AddNoteAnimateView.m */,
				8F1DD95F2A7E77F500F1746E /* CustomNavigationBar.h */,
				8F1DD9602A7E77F500F1746E /* CustomNavigationBar.m */,
			);
			path = CustomUI;
			sourceTree = "<group>";
		};
		8F79A4292A796E820060ECCE = {
			isa = PBXGroup;
			children = (
				8F79A4342A796E820060ECCE /* To do list objc */,
				8F79A4332A796E820060ECCE /* Products */,
			);
			sourceTree = "<group>";
		};
		8F79A4332A796E820060ECCE /* Products */ = {
			isa = PBXGroup;
			children = (
				8F79A4322A796E820060ECCE /* To do list objc.app */,
			);
			name = Products;
			sourceTree = "<group>";
		};
		8F79A4342A796E820060ECCE /* To do list objc */ = {
			isa = PBXGroup;
			children = (
				8F520F692A837B1C008514D9 /* Service */,
				8F63CA702A7CD7C80007BEB9 /* CustomUI */,
				8F79A4662A7A3AE60060ECCE /* Categories */,
				8F79A44F2A796F900060ECCE /* MainScreen */,
				8F79A45C2A796FEA0060ECCE /* InDetailScreen */,
				8F79A44E2A796F340060ECCE /* App */,
				8F79A4462A796E830060ECCE /* Info.plist */,
			);
			path = "To do list objc";
			sourceTree = "<group>";
		};
		8F79A44E2A796F340060ECCE /* App */ = {
			isa = PBXGroup;
			children = (
				8F79A4472A796E830060ECCE /* main.m */,
				8F79A4392A796E820060ECCE /* SceneDelegate.m */,
				8F79A4382A796E820060ECCE /* SceneDelegate.h */,
				8F79A4362A796E820060ECCE /* AppDelegate.m */,
				8F79A4352A796E820060ECCE /* AppDelegate.h */,
				8F79A4432A796E830060ECCE /* LaunchScreen.storyboard */,
				8F79A4412A796E830060ECCE /* Assets.xcassets */,
			);
			path = App;
			sourceTree = "<group>";
		};
		8F79A44F2A796F900060ECCE /* MainScreen */ = {
			isa = PBXGroup;
			children = (
				8F79A4532A796FD90060ECCE /* MainScreenViewController.h */,
				8F79A4512A796FD90060ECCE /* MainScreenViewController.m */,
				8F79A4552A796FD90060ECCE /* CustomCell.h */,
				8F79A4542A796FD90060ECCE /* CustomCell.m */,
				8F79A4502A796FD90060ECCE /* MainScreenPresenter.h */,
				8F79A4522A796FD90060ECCE /* MainScreenPresenter.m */,
			);
			path = MainScreen;
			sourceTree = "<group>";
		};
		8F79A45C2A796FEA0060ECCE /* InDetailScreen */ = {
			isa = PBXGroup;
			children = (
				8F79A46A2A7A40E60060ECCE /* InDetailCells */,
				8F79A45D2A796FEA0060ECCE /* InDetailCollectionViewController.h */,
				8F79A45F2A796FEA0060ECCE /* InDetailCollectionViewController.m */,
				8F520F6D2A83DF3F008514D9 /* InDetailPresenter.h */,
				8F520F6E2A83DF40008514D9 /* InDetailPresenter.m */,
			);
			path = InDetailScreen;
			sourceTree = "<group>";
		};
		8F79A4662A7A3AE60060ECCE /* Categories */ = {
			isa = PBXGroup;
			children = (
				8F79A4672A7A3B3F0060ECCE /* UICollectionViewCell+.h */,
				8F79A4682A7A3C630060ECCE /* UICollectionViewCell+.m */,
			);
			path = Categories;
			sourceTree = "<group>";
		};
		8F79A46A2A7A40E60060ECCE /* InDetailCells */ = {
			isa = PBXGroup;
			children = (
				8F79A4632A79731A0060ECCE /* InDetaileNoteTextCell.h */,
				8F79A4642A79731A0060ECCE /* InDetaileNoteTextCell.m */,
				8F79A46B2A7A74750060ECCE /* ImportanceCell.h */,
				8F79A46C2A7A74750060ECCE /* ImportanceCell.m */,
			);
			path = InDetailCells;
			sourceTree = "<group>";
		};
/* End PBXGroup section */

/* Begin PBXNativeTarget section */
		8F79A4312A796E820060ECCE /* To do list objc */ = {
			isa = PBXNativeTarget;
			buildConfigurationList = 8F79A44B2A796E830060ECCE /* Build configuration list for PBXNativeTarget "To do list objc" */;
			buildPhases = (
				8F79A42E2A796E820060ECCE /* Sources */,
				8F79A42F2A796E820060ECCE /* Frameworks */,
				8F79A4302A796E820060ECCE /* Resources */,
			);
			buildRules = (
			);
			dependencies = (
			);
			name = "To do list objc";
			productName = "To do list objc";
			productReference = 8F79A4322A796E820060ECCE /* To do list objc.app */;
			productType = "com.apple.product-type.application";
		};
/* End PBXNativeTarget section */

/* Begin PBXProject section */
		8F79A42A2A796E820060ECCE /* Project object */ = {
			isa = PBXProject;
			attributes = {
				BuildIndependentTargetsInParallel = 1;
				LastUpgradeCheck = 1500;
				TargetAttributes = {
					8F79A4312A796E820060ECCE = {
						CreatedOnToolsVersion = 15.0;
						LastSwiftMigration = 1500;
					};
				};
			};
			buildConfigurationList = 8F79A42D2A796E820060ECCE /* Build configuration list for PBXProject "To do list objc" */;
			compatibilityVersion = "Xcode 14.0";
			developmentRegion = en;
			hasScannedForEncodings = 0;
			knownRegions = (
				en,
				Base,
			);
			mainGroup = 8F79A4292A796E820060ECCE;
			productRefGroup = 8F79A4332A796E820060ECCE /* Products */;
			projectDirPath = "";
			projectRoot = "";
			targets = (
				8F79A4312A796E820060ECCE /* To do list objc */,
			);
		};
/* End PBXProject section */

/* Begin PBXResourcesBuildPhase section */
		8F79A4302A796E820060ECCE /* Resources */ = {
			isa = PBXResourcesBuildPhase;
			buildActionMask = 2147483647;
			files = (
				8F79A4452A796E830060ECCE /* LaunchScreen.storyboard in Resources */,
				8F79A4422A796E830060ECCE /* Assets.xcassets in Resources */,
			);
			runOnlyForDeploymentPostprocessing = 0;
		};
/* End PBXResourcesBuildPhase section */

/* Begin PBXSourcesBuildPhase section */
		8F79A42E2A796E820060ECCE /* Sources */ = {
			isa = PBXSourcesBuildPhase;
			buildActionMask = 2147483647;
			files = (
				8F79A4372A796E820060ECCE /* AppDelegate.m in Sources */,
				8F79A4582A796FD90060ECCE /* MainScreenViewController.m in Sources */,
				8F63CA6F2A7CD7BB0007BEB9 /* AddNoteAnimateView.m in Sources */,
				8F79A4692A7A3C630060ECCE /* UICollectionViewCell+.m in Sources */,
				8F1DD9612A7E77F500F1746E /* CustomNavigationBar.m in Sources */,
				8F79A4612A796FEA0060ECCE /* InDetailCollectionViewController.m in Sources */,
				8F79A46D2A7A74750060ECCE /* ImportanceCell.m in Sources */,
				8F79A45A2A796FD90060ECCE /* CustomCell.m in Sources */,
				8F79A4482A796E830060ECCE /* main.m in Sources */,
				8F79A4592A796FD90060ECCE /* MainScreenPresenter.m in Sources */,
				8F520F6F2A83DF40008514D9 /* InDetailPresenter.m in Sources */,
				8F520F732A84CFCC008514D9 /* Model.xcdatamodeld in Sources */,
				8F79A4652A79731A0060ECCE /* InDetaileNoteTextCell.m in Sources */,
				8F79A43A2A796E820060ECCE /* SceneDelegate.m in Sources */,
				8F520F6C2A837B6E008514D9 /* CoreDataServiceRepositoryImpl.m in Sources */,
				8F79A45B2A796FD90060ECCE /* NoteModel.m in Sources */,
			);
			runOnlyForDeploymentPostprocessing = 0;
		};
/* End PBXSourcesBuildPhase section */

/* Begin PBXVariantGroup section */
		8F79A4432A796E830060ECCE /* LaunchScreen.storyboard */ = {
			isa = PBXVariantGroup;
			children = (
				8F79A4442A796E830060ECCE /* Base */,
			);
			name = LaunchScreen.storyboard;
			sourceTree = "<group>";
		};
/* End PBXVariantGroup section */

/* Begin XCBuildConfiguration section */
		8F79A4492A796E830060ECCE /* Debug */ = {
			isa = XCBuildConfiguration;
			buildSettings = {
				ALWAYS_SEARCH_USER_PATHS = NO;
				ASSETCATALOG_COMPILER_GENERATE_SWIFT_ASSET_SYMBOL_EXTENSIONS = YES;
				CLANG_ANALYZER_NONNULL = YES;
				CLANG_ANALYZER_NUMBER_OBJECT_CONVERSION = YES_AGGRESSIVE;
				CLANG_CXX_LANGUAGE_STANDARD = "gnu++20";
				CLANG_ENABLE_MODULES = YES;
				CLANG_ENABLE_OBJC_ARC = YES;
				CLANG_ENABLE_OBJC_WEAK = YES;
				CLANG_WARN_BLOCK_CAPTURE_AUTORELEASING = YES;
				CLANG_WARN_BOOL_CONVERSION = YES;
				CLANG_WARN_COMMA = YES;
				CLANG_WARN_CONSTANT_CONVERSION = YES;
				CLANG_WARN_DEPRECATED_OBJC_IMPLEMENTATIONS = YES;
				CLANG_WARN_DIRECT_OBJC_ISA_USAGE = YES_ERROR;
				CLANG_WARN_DOCUMENTATION_COMMENTS = YES;
				CLANG_WARN_EMPTY_BODY = YES;
				CLANG_WARN_ENUM_CONVERSION = YES;
				CLANG_WARN_INFINITE_RECURSION = YES;
				CLANG_WARN_INT_CONVERSION = YES;
				CLANG_WARN_NON_LITERAL_NULL_CONVERSION = YES;
				CLANG_WARN_OBJC_IMPLICIT_RETAIN_SELF = YES;
				CLANG_WARN_OBJC_LITERAL_CONVERSION = YES;
				CLANG_WARN_OBJC_ROOT_CLASS = YES_ERROR;
				CLANG_WARN_QUOTED_INCLUDE_IN_FRAMEWORK_HEADER = YES;
				CLANG_WARN_RANGE_LOOP_ANALYSIS = YES;
				CLANG_WARN_STRICT_PROTOTYPES = YES;
				CLANG_WARN_SUSPICIOUS_MOVE = YES;
				CLANG_WARN_UNGUARDED_AVAILABILITY = YES_AGGRESSIVE;
				CLANG_WARN_UNREACHABLE_CODE = YES;
				CLANG_WARN__DUPLICATE_METHOD_MATCH = YES;
				COPY_PHASE_STRIP = NO;
				DEBUG_INFORMATION_FORMAT = dwarf;
				ENABLE_STRICT_OBJC_MSGSEND = YES;
				ENABLE_TESTABILITY = YES;
				ENABLE_USER_SCRIPT_SANDBOXING = YES;
				GCC_C_LANGUAGE_STANDARD = gnu17;
				GCC_DYNAMIC_NO_PIC = NO;
				GCC_NO_COMMON_BLOCKS = YES;
				GCC_OPTIMIZATION_LEVEL = 0;
				GCC_PREPROCESSOR_DEFINITIONS = (
					"DEBUG=1",
					"$(inherited)",
				);
				GCC_WARN_64_TO_32_BIT_CONVERSION = YES;
				GCC_WARN_ABOUT_RETURN_TYPE = YES_ERROR;
				GCC_WARN_UNDECLARED_SELECTOR = YES;
				GCC_WARN_UNINITIALIZED_AUTOS = YES_AGGRESSIVE;
				GCC_WARN_UNUSED_FUNCTION = YES;
				GCC_WARN_UNUSED_VARIABLE = YES;
				IPHONEOS_DEPLOYMENT_TARGET = 17.0;
				LOCALIZATION_PREFERS_STRING_CATALOGS = YES;
				MTL_ENABLE_DEBUG_INFO = INCLUDE_SOURCE;
				MTL_FAST_MATH = YES;
				ONLY_ACTIVE_ARCH = YES;
				SDKROOT = iphoneos;
			};
			name = Debug;
		};
		8F79A44A2A796E830060ECCE /* Release */ = {
			isa = XCBuildConfiguration;
			buildSettings = {
				ALWAYS_SEARCH_USER_PATHS = NO;
				ASSETCATALOG_COMPILER_GENERATE_SWIFT_ASSET_SYMBOL_EXTENSIONS = YES;
				CLANG_ANALYZER_NONNULL = YES;
				CLANG_ANALYZER_NUMBER_OBJECT_CONVERSION = YES_AGGRESSIVE;
				CLANG_CXX_LANGUAGE_STANDARD = "gnu++20";
				CLANG_ENABLE_MODULES = YES;
				CLANG_ENABLE_OBJC_ARC = YES;
				CLANG_ENABLE_OBJC_WEAK = YES;
				CLANG_WARN_BLOCK_CAPTURE_AUTORELEASING = YES;
				CLANG_WARN_BOOL_CONVERSION = YES;
				CLANG_WARN_COMMA = YES;
				CLANG_WARN_CONSTANT_CONVERSION = YES;
				CLANG_WARN_DEPRECATED_OBJC_IMPLEMENTATIONS = YES;
				CLANG_WARN_DIRECT_OBJC_ISA_USAGE = YES_ERROR;
				CLANG_WARN_DOCUMENTATION_COMMENTS = YES;
				CLANG_WARN_EMPTY_BODY = YES;
				CLANG_WARN_ENUM_CONVERSION = YES;
				CLANG_WARN_INFINITE_RECURSION = YES;
				CLANG_WARN_INT_CONVERSION = YES;
				CLANG_WARN_NON_LITERAL_NULL_CONVERSION = YES;
				CLANG_WARN_OBJC_IMPLICIT_RETAIN_SELF = YES;
				CLANG_WARN_OBJC_LITERAL_CONVERSION = YES;
				CLANG_WARN_OBJC_ROOT_CLASS = YES_ERROR;
				CLANG_WARN_QUOTED_INCLUDE_IN_FRAMEWORK_HEADER = YES;
				CLANG_WARN_RANGE_LOOP_ANALYSIS = YES;
				CLANG_WARN_STRICT_PROTOTYPES = YES;
				CLANG_WARN_SUSPICIOUS_MOVE = YES;
				CLANG_WARN_UNGUARDED_AVAILABILITY = YES_AGGRESSIVE;
				CLANG_WARN_UNREACHABLE_CODE = YES;
				CLANG_WARN__DUPLICATE_METHOD_MATCH = YES;
				COPY_PHASE_STRIP = NO;
				DEBUG_INFORMATION_FORMAT = "dwarf-with-dsym";
				ENABLE_NS_ASSERTIONS = NO;
				ENABLE_STRICT_OBJC_MSGSEND = YES;
				ENABLE_USER_SCRIPT_SANDBOXING = YES;
				GCC_C_LANGUAGE_STANDARD = gnu17;
				GCC_NO_COMMON_BLOCKS = YES;
				GCC_WARN_64_TO_32_BIT_CONVERSION = YES;
				GCC_WARN_ABOUT_RETURN_TYPE = YES_ERROR;
				GCC_WARN_UNDECLARED_SELECTOR = YES;
				GCC_WARN_UNINITIALIZED_AUTOS = YES_AGGRESSIVE;
				GCC_WARN_UNUSED_FUNCTION = YES;
				GCC_WARN_UNUSED_VARIABLE = YES;
				IPHONEOS_DEPLOYMENT_TARGET = 17.0;
				LOCALIZATION_PREFERS_STRING_CATALOGS = YES;
				MTL_ENABLE_DEBUG_INFO = NO;
				MTL_FAST_MATH = YES;
				SDKROOT = iphoneos;
				VALIDATE_PRODUCT = YES;
			};
			name = Release;
		};
		8F79A44C2A796E830060ECCE /* Debug */ = {
			isa = XCBuildConfiguration;
			buildSettings = {
				ASSETCATALOG_COMPILER_APPICON_NAME = AppIcon;
				ASSETCATALOG_COMPILER_GLOBAL_ACCENT_COLOR_NAME = AccentColor;
				CLANG_ENABLE_MODULES = YES;
				CODE_SIGN_STYLE = Automatic;
				CURRENT_PROJECT_VERSION = 1;
				DEVELOPMENT_TEAM = 3Q2GL54W3S;
				GENERATE_INFOPLIST_FILE = YES;
				INFOPLIST_FILE = "To do list objc/Info.plist";
				INFOPLIST_KEY_UIApplicationSupportsIndirectInputEvents = YES;
				INFOPLIST_KEY_UILaunchStoryboardName = LaunchScreen;
				INFOPLIST_KEY_UISupportedInterfaceOrientations_iPad = "UIInterfaceOrientationPortrait UIInterfaceOrientationPortraitUpsideDown UIInterfaceOrientationLandscapeLeft UIInterfaceOrientationLandscapeRight";
				INFOPLIST_KEY_UISupportedInterfaceOrientations_iPhone = "UIInterfaceOrientationPortrait UIInterfaceOrientationLandscapeLeft UIInterfaceOrientationLandscapeRight";
				LD_RUNPATH_SEARCH_PATHS = (
					"$(inherited)",
					"@executable_path/Frameworks",
				);
				MARKETING_VERSION = 1.0;
				PRODUCT_BUNDLE_IDENTIFIER = "dev.To-do-list-objc";
				PRODUCT_NAME = "$(TARGET_NAME)";
				SWIFT_EMIT_LOC_STRINGS = YES;
				SWIFT_OPTIMIZATION_LEVEL = "-Onone";
				SWIFT_VERSION = 5.0;
				TARGETED_DEVICE_FAMILY = "1,2";
			};
			name = Debug;
		};
		8F79A44D2A796E830060ECCE /* Release */ = {
			isa = XCBuildConfiguration;
			buildSettings = {
				ASSETCATALOG_COMPILER_APPICON_NAME = AppIcon;
				ASSETCATALOG_COMPILER_GLOBAL_ACCENT_COLOR_NAME = AccentColor;
				CLANG_ENABLE_MODULES = YES;
				CODE_SIGN_STYLE = Automatic;
				CURRENT_PROJECT_VERSION = 1;
				DEVELOPMENT_TEAM = 3Q2GL54W3S;
				GENERATE_INFOPLIST_FILE = YES;
				INFOPLIST_FILE = "To do list objc/Info.plist";
				INFOPLIST_KEY_UIApplicationSupportsIndirectInputEvents = YES;
				INFOPLIST_KEY_UILaunchStoryboardName = LaunchScreen;
				INFOPLIST_KEY_UISupportedInterfaceOrientations_iPad = "UIInterfaceOrientationPortrait UIInterfaceOrientationPortraitUpsideDown UIInterfaceOrientationLandscapeLeft UIInterfaceOrientationLandscapeRight";
				INFOPLIST_KEY_UISupportedInterfaceOrientations_iPhone = "UIInterfaceOrientationPortrait UIInterfaceOrientationLandscapeLeft UIInterfaceOrientationLandscapeRight";
				LD_RUNPATH_SEARCH_PATHS = (
					"$(inherited)",
					"@executable_path/Frameworks",
				);
				MARKETING_VERSION = 1.0;
				PRODUCT_BUNDLE_IDENTIFIER = "dev.To-do-list-objc";
				PRODUCT_NAME = "$(TARGET_NAME)";
				SWIFT_EMIT_LOC_STRINGS = YES;
				SWIFT_VERSION = 5.0;
				TARGETED_DEVICE_FAMILY = "1,2";
			};
			name = Release;
		};
/* End XCBuildConfiguration section */

/* Begin XCConfigurationList section */
		8F79A42D2A796E820060ECCE /* Build configuration list for PBXProject "To do list objc" */ = {
			isa = XCConfigurationList;
			buildConfigurations = (
				8F79A4492A796E830060ECCE /* Debug */,
				8F79A44A2A796E830060ECCE /* Release */,
			);
			defaultConfigurationIsVisible = 0;
			defaultConfigurationName = Release;
		};
		8F79A44B2A796E830060ECCE /* Build configuration list for PBXNativeTarget "To do list objc" */ = {
			isa = XCConfigurationList;
			buildConfigurations = (
				8F79A44C2A796E830060ECCE /* Debug */,
				8F79A44D2A796E830060ECCE /* Release */,
			);
			defaultConfigurationIsVisible = 0;
			defaultConfigurationName = Release;
		};
/* End XCConfigurationList section */

/* Begin XCVersionGroup section */
		8F520F712A84CFCC008514D9 /* Model.xcdatamodeld */ = {
			isa = XCVersionGroup;
			children = (
				8F520F722A84CFCC008514D9 /* Model.xcdatamodel */,
			);
			currentVersion = 8F520F722A84CFCC008514D9 /* Model.xcdatamodel */;
			path = Model.xcdatamodeld;
			sourceTree = "<group>";
			versionGroupType = wrapper.xcdatamodel;
		};
/* End XCVersionGroup section */
	};
	rootObject = 8F79A42A2A796E820060ECCE /* Project object */;
}
